// !$*UTF8*$!
{
	archiveVersion = 1;
	classes = {
	};
	objectVersion = 56;
	objects = {

/* Begin PBXBuildFile section */
		A704BB602C82663100C0A8EA /* HabitPlusApp.swift in Sources */ = {isa = PBXBuildFile; fileRef = A704BB5F2C82663100C0A8EA /* HabitPlusApp.swift */; };
		A704BB642C82663300C0A8EA /* Assets.xcassets in Resources */ = {isa = PBXBuildFile; fileRef = A704BB632C82663300C0A8EA /* Assets.xcassets */; };
		A704BB672C82663300C0A8EA /* Preview Assets.xcassets in Resources */ = {isa = PBXBuildFile; fileRef = A704BB662C82663300C0A8EA /* Preview Assets.xcassets */; };
		A704BB712C82663300C0A8EA /* HabitPlusTests.swift in Sources */ = {isa = PBXBuildFile; fileRef = A704BB702C82663300C0A8EA /* HabitPlusTests.swift */; };
		A704BB7B2C82663300C0A8EA /* HabitPlusUITests.swift in Sources */ = {isa = PBXBuildFile; fileRef = A704BB7A2C82663300C0A8EA /* HabitPlusUITests.swift */; };
		A704BB7D2C82663300C0A8EA /* HabitPlusUITestsLaunchTests.swift in Sources */ = {isa = PBXBuildFile; fileRef = A704BB7C2C82663300C0A8EA /* HabitPlusUITestsLaunchTests.swift */; };
		A704BB8B2C82687D00C0A8EA /* SplashView.swift in Sources */ = {isa = PBXBuildFile; fileRef = A704BB8A2C82687D00C0A8EA /* SplashView.swift */; };
		A704BB8D2C826A1B00C0A8EA /* SplashUIState.swift in Sources */ = {isa = PBXBuildFile; fileRef = A704BB8C2C826A1B00C0A8EA /* SplashUIState.swift */; };
/* End PBXBuildFile section */

/* Begin PBXContainerItemProxy section */
		A704BB6D2C82663300C0A8EA /* PBXContainerItemProxy */ = {
			isa = PBXContainerItemProxy;
			containerPortal = A704BB542C82663100C0A8EA /* Project object */;
			proxyType = 1;
			remoteGlobalIDString = A704BB5B2C82663100C0A8EA;
			remoteInfo = HabitPlus;
		};
		A704BB772C82663300C0A8EA /* PBXContainerItemProxy */ = {
			isa = PBXContainerItemProxy;
			containerPortal = A704BB542C82663100C0A8EA /* Project object */;
			proxyType = 1;
			remoteGlobalIDString = A704BB5B2C82663100C0A8EA;
			remoteInfo = HabitPlus;
		};
/* End PBXContainerItemProxy section */

/* Begin PBXFileReference section */
		A704BB5C2C82663100C0A8EA /* HabitPlus.app */ = {isa = PBXFileReference; explicitFileType = wrapper.application; includeInIndex = 0; path = HabitPlus.app; sourceTree = BUILT_PRODUCTS_DIR; };
		A704BB5F2C82663100C0A8EA /* HabitPlusApp.swift */ = {isa = PBXFileReference; lastKnownFileType = sourcecode.swift; path = HabitPlusApp.swift; sourceTree = "<group>"; };
		A704BB632C82663300C0A8EA /* Assets.xcassets */ = {isa = PBXFileReference; lastKnownFileType = folder.assetcatalog; path = Assets.xcassets; sourceTree = "<group>"; };
		A704BB662C82663300C0A8EA /* Preview Assets.xcassets */ = {isa = PBXFileReference; lastKnownFileType = folder.assetcatalog; path = "Preview Assets.xcassets"; sourceTree = "<group>"; };
		A704BB6C2C82663300C0A8EA /* HabitPlusTests.xctest */ = {isa = PBXFileReference; explicitFileType = wrapper.cfbundle; includeInIndex = 0; path = HabitPlusTests.xctest; sourceTree = BUILT_PRODUCTS_DIR; };
		A704BB702C82663300C0A8EA /* HabitPlusTests.swift */ = {isa = PBXFileReference; lastKnownFileType = sourcecode.swift; path = HabitPlusTests.swift; sourceTree = "<group>"; };
		A704BB762C82663300C0A8EA /* HabitPlusUITests.xctest */ = {isa = PBXFileReference; explicitFileType = wrapper.cfbundle; includeInIndex = 0; path = HabitPlusUITests.xctest; sourceTree = BUILT_PRODUCTS_DIR; };
		A704BB7A2C82663300C0A8EA /* HabitPlusUITests.swift */ = {isa = PBXFileReference; lastKnownFileType = sourcecode.swift; path = HabitPlusUITests.swift; sourceTree = "<group>"; };
		A704BB7C2C82663300C0A8EA /* HabitPlusUITestsLaunchTests.swift */ = {isa = PBXFileReference; lastKnownFileType = sourcecode.swift; path = HabitPlusUITestsLaunchTests.swift; sourceTree = "<group>"; };
		A704BB8A2C82687D00C0A8EA /* SplashView.swift */ = {isa = PBXFileReference; lastKnownFileType = sourcecode.swift; path = SplashView.swift; sourceTree = "<group>"; };
		A704BB8C2C826A1B00C0A8EA /* SplashUIState.swift */ = {isa = PBXFileReference; lastKnownFileType = sourcecode.swift; path = SplashUIState.swift; sourceTree = "<group>"; };
/* End PBXFileReference section */

/* Begin PBXFrameworksBuildPhase section */
		A704BB592C82663100C0A8EA /* Frameworks */ = {
			isa = PBXFrameworksBuildPhase;
			buildActionMask = 2147483647;
			files = (
			);
			runOnlyForDeploymentPostprocessing = 0;
		};
		A704BB692C82663300C0A8EA /* Frameworks */ = {
			isa = PBXFrameworksBuildPhase;
			buildActionMask = 2147483647;
			files = (
			);
			runOnlyForDeploymentPostprocessing = 0;
		};
		A704BB732C82663300C0A8EA /* Frameworks */ = {
			isa = PBXFrameworksBuildPhase;
			buildActionMask = 2147483647;
			files = (
			);
			runOnlyForDeploymentPostprocessing = 0;
		};
/* End PBXFrameworksBuildPhase section */

/* Begin PBXGroup section */
		A704BB532C82663100C0A8EA = {
			isa = PBXGroup;
			children = (
				A704BB5E2C82663100C0A8EA /* HabitPlus */,
				A704BB6F2C82663300C0A8EA /* HabitPlusTests */,
				A704BB792C82663300C0A8EA /* HabitPlusUITests */,
				A704BB5D2C82663100C0A8EA /* Products */,
			);
			sourceTree = "<group>";
		};
		A704BB5D2C82663100C0A8EA /* Products */ = {
			isa = PBXGroup;
			children = (
				A704BB5C2C82663100C0A8EA /* HabitPlus.app */,
				A704BB6C2C82663300C0A8EA /* HabitPlusTests.xctest */,
				A704BB762C82663300C0A8EA /* HabitPlusUITests.xctest */,
			);
			name = Products;
			sourceTree = "<group>";
		};
		A704BB5E2C82663100C0A8EA /* HabitPlus */ = {
			isa = PBXGroup;
			children = (
				A704BB892C82686700C0A8EA /* Splash */,
				A704BB5F2C82663100C0A8EA /* HabitPlusApp.swift */,
				A704BB632C82663300C0A8EA /* Assets.xcassets */,
				A704BB652C82663300C0A8EA /* Preview Content */,
			);
			path = HabitPlus;
			sourceTree = "<group>";
		};
		A704BB652C82663300C0A8EA /* Preview Content */ = {
			isa = PBXGroup;
			children = (
				A704BB662C82663300C0A8EA /* Preview Assets.xcassets */,
			);
			path = "Preview Content";
			sourceTree = "<group>";
		};
		A704BB6F2C82663300C0A8EA /* HabitPlusTests */ = {
			isa = PBXGroup;
			children = (
				A704BB702C82663300C0A8EA /* HabitPlusTests.swift */,
			);
			path = HabitPlusTests;
			sourceTree = "<group>";
		};
		A704BB792C82663300C0A8EA /* HabitPlusUITests */ = {
			isa = PBXGroup;
			children = (
				A704BB7A2C82663300C0A8EA /* HabitPlusUITests.swift */,
				A704BB7C2C82663300C0A8EA /* HabitPlusUITestsLaunchTests.swift */,
			);
			path = HabitPlusUITests;
			sourceTree = "<group>";
		};
		A704BB892C82686700C0A8EA /* Splash */ = {
			isa = PBXGroup;
			children = (
				A704BB8A2C82687D00C0A8EA /* SplashView.swift */,
				A704BB8C2C826A1B00C0A8EA /* SplashUIState.swift */,
			);
			path = Splash;
			sourceTree = "<group>";
		};
/* End PBXGroup section */

/* Begin PBXNativeTarget section */
		A704BB5B2C82663100C0A8EA /* HabitPlus */ = {
			isa = PBXNativeTarget;
			buildConfigurationList = A704BB802C82663300C0A8EA /* Build configuration list for PBXNativeTarget "HabitPlus" */;
			buildPhases = (
				A704BB582C82663100C0A8EA /* Sources */,
				A704BB592C82663100C0A8EA /* Frameworks */,
				A704BB5A2C82663100C0A8EA /* Resources */,
			);
			buildRules = (
			);
			dependencies = (
			);
			name = HabitPlus;
			productName = HabitPlus;
			productReference = A704BB5C2C82663100C0A8EA /* HabitPlus.app */;
			productType = "com.apple.product-type.application";
		};
		A704BB6B2C82663300C0A8EA /* HabitPlusTests */ = {
			isa = PBXNativeTarget;
			buildConfigurationList = A704BB832C82663300C0A8EA /* Build configuration list for PBXNativeTarget "HabitPlusTests" */;
			buildPhases = (
				A704BB682C82663300C0A8EA /* Sources */,
				A704BB692C82663300C0A8EA /* Frameworks */,
				A704BB6A2C82663300C0A8EA /* Resources */,
			);
			buildRules = (
			);
			dependencies = (
				A704BB6E2C82663300C0A8EA /* PBXTargetDependency */,
			);
			name = HabitPlusTests;
			productName = HabitPlusTests;
			productReference = A704BB6C2C82663300C0A8EA /* HabitPlusTests.xctest */;
			productType = "com.apple.product-type.bundle.unit-test";
		};
		A704BB752C82663300C0A8EA /* HabitPlusUITests */ = {
			isa = PBXNativeTarget;
			buildConfigurationList = A704BB862C82663300C0A8EA /* Build configuration list for PBXNativeTarget "HabitPlusUITests" */;
			buildPhases = (
				A704BB722C82663300C0A8EA /* Sources */,
				A704BB732C82663300C0A8EA /* Frameworks */,
				A704BB742C82663300C0A8EA /* Resources */,
			);
			buildRules = (
			);
			dependencies = (
				A704BB782C82663300C0A8EA /* PBXTargetDependency */,
			);
			name = HabitPlusUITests;
			productName = HabitPlusUITests;
			productReference = A704BB762C82663300C0A8EA /* HabitPlusUITests.xctest */;
			productType = "com.apple.product-type.bundle.ui-testing";
		};
/* End PBXNativeTarget section */

/* Begin PBXProject section */
		A704BB542C82663100C0A8EA /* Project object */ = {
			isa = PBXProject;
			attributes = {
				BuildIndependentTargetsInParallel = 1;
				LastSwiftUpdateCheck = 1540;
				LastUpgradeCheck = 1540;
				TargetAttributes = {
					A704BB5B2C82663100C0A8EA = {
						CreatedOnToolsVersion = 15.4;
					};
					A704BB6B2C82663300C0A8EA = {
						CreatedOnToolsVersion = 15.4;
						TestTargetID = A704BB5B2C82663100C0A8EA;
					};
					A704BB752C82663300C0A8EA = {
						CreatedOnToolsVersion = 15.4;
						TestTargetID = A704BB5B2C82663100C0A8EA;
					};
				};
			};
			buildConfigurationList = A704BB572C82663100C0A8EA /* Build configuration list for PBXProject "HabitPlus" */;
			compatibilityVersion = "Xcode 14.0";
			developmentRegion = en;
			hasScannedForEncodings = 0;
			knownRegions = (
				en,
				Base,
			);
			mainGroup = A704BB532C82663100C0A8EA;
			productRefGroup = A704BB5D2C82663100C0A8EA /* Products */;
			projectDirPath = "";
			projectRoot = "";
			targets = (
				A704BB5B2C82663100C0A8EA /* HabitPlus */,
				A704BB6B2C82663300C0A8EA /* HabitPlusTests */,
				A704BB752C82663300C0A8EA /* HabitPlusUITests */,
			);
		};
/* End PBXProject section */

/* Begin PBXResourcesBuildPhase section */
		A704BB5A2C82663100C0A8EA /* Resources */ = {
			isa = PBXResourcesBuildPhase;
			buildActionMask = 2147483647;
			files = (
				A704BB672C82663300C0A8EA /* Preview Assets.xcassets in Resources */,
				A704BB642C82663300C0A8EA /* Assets.xcassets in Resources */,
			);
			runOnlyForDeploymentPostprocessing = 0;
		};
		A704BB6A2C82663300C0A8EA /* Resources */ = {
			isa = PBXResourcesBuildPhase;
			buildActionMask = 2147483647;
			files = (
			);
			runOnlyForDeploymentPostprocessing = 0;
		};
		A704BB742C82663300C0A8EA /* Resources */ = {
			isa = PBXResourcesBuildPhase;
			buildActionMask = 2147483647;
			files = (
			);
			runOnlyForDeploymentPostprocessing = 0;
		};
/* End PBXResourcesBuildPhase section */

/* Begin PBXSourcesBuildPhase section */
		A704BB582C82663100C0A8EA /* Sources */ = {
			isa = PBXSourcesBuildPhase;
			buildActionMask = 2147483647;
			files = (
				A704BB8D2C826A1B00C0A8EA /* SplashUIState.swift in Sources */,
				A704BB602C82663100C0A8EA /* HabitPlusApp.swift in Sources */,
				A704BB8B2C82687D00C0A8EA /* SplashView.swift in Sources */,
			);
			runOnlyForDeploymentPostprocessing = 0;
		};
		A704BB682C82663300C0A8EA /* Sources */ = {
			isa = PBXSourcesBuildPhase;
			buildActionMask = 2147483647;
			files = (
				A704BB712C82663300C0A8EA /* HabitPlusTests.swift in Sources */,
			);
			runOnlyForDeploymentPostprocessing = 0;
		};
		A704BB722C82663300C0A8EA /* Sources */ = {
			isa = PBXSourcesBuildPhase;
			buildActionMask = 2147483647;
			files = (
				A704BB7B2C82663300C0A8EA /* HabitPlusUITests.swift in Sources */,
				A704BB7D2C82663300C0A8EA /* HabitPlusUITestsLaunchTests.swift in Sources */,
			);
			runOnlyForDeploymentPostprocessing = 0;
		};
/* End PBXSourcesBuildPhase section */

/* Begin PBXTargetDependency section */
		A704BB6E2C82663300C0A8EA /* PBXTargetDependency */ = {
			isa = PBXTargetDependency;
			target = A704BB5B2C82663100C0A8EA /* HabitPlus */;
			targetProxy = A704BB6D2C82663300C0A8EA /* PBXContainerItemProxy */;
		};
		A704BB782C82663300C0A8EA /* PBXTargetDependency */ = {
			isa = PBXTargetDependency;
			target = A704BB5B2C82663100C0A8EA /* HabitPlus */;
			targetProxy = A704BB772C82663300C0A8EA /* PBXContainerItemProxy */;
		};
/* End PBXTargetDependency section */

/* Begin XCBuildConfiguration section */
		A704BB7E2C82663300C0A8EA /* Debug */ = {
			isa = XCBuildConfiguration;
			buildSettings = {
				ALWAYS_SEARCH_USER_PATHS = NO;
				ASSETCATALOG_COMPILER_GENERATE_SWIFT_ASSET_SYMBOL_EXTENSIONS = YES;
				CLANG_ANALYZER_NONNULL = YES;
				CLANG_ANALYZER_NUMBER_OBJECT_CONVERSION = YES_AGGRESSIVE;
				CLANG_CXX_LANGUAGE_STANDARD = "gnu++20";
				CLANG_ENABLE_MODULES = YES;
				CLANG_ENABLE_OBJC_ARC = YES;
				CLANG_ENABLE_OBJC_WEAK = YES;
				CLANG_WARN_BLOCK_CAPTURE_AUTORELEASING = YES;
				CLANG_WARN_BOOL_CONVERSION = YES;
				CLANG_WARN_COMMA = YES;
				CLANG_WARN_CONSTANT_CONVERSION = YES;
				CLANG_WARN_DEPRECATED_OBJC_IMPLEMENTATIONS = YES;
				CLANG_WARN_DIRECT_OBJC_ISA_USAGE = YES_ERROR;
				CLANG_WARN_DOCUMENTATION_COMMENTS = YES;
				CLANG_WARN_EMPTY_BODY = YES;
				CLANG_WARN_ENUM_CONVERSION = YES;
				CLANG_WARN_INFINITE_RECURSION = YES;
				CLANG_WARN_INT_CONVERSION = YES;
				CLANG_WARN_NON_LITERAL_NULL_CONVERSION = YES;
				CLANG_WARN_OBJC_IMPLICIT_RETAIN_SELF = YES;
				CLANG_WARN_OBJC_LITERAL_CONVERSION = YES;
				CLANG_WARN_OBJC_ROOT_CLASS = YES_ERROR;
				CLANG_WARN_QUOTED_INCLUDE_IN_FRAMEWORK_HEADER = YES;
				CLANG_WARN_RANGE_LOOP_ANALYSIS = YES;
				CLANG_WARN_STRICT_PROTOTYPES = YES;
				CLANG_WARN_SUSPICIOUS_MOVE = YES;
				CLANG_WARN_UNGUARDED_AVAILABILITY = YES_AGGRESSIVE;
				CLANG_WARN_UNREACHABLE_CODE = YES;
				CLANG_WARN__DUPLICATE_METHOD_MATCH = YES;
				COPY_PHASE_STRIP = NO;
				DEBUG_INFORMATION_FORMAT = dwarf;
				ENABLE_STRICT_OBJC_MSGSEND = YES;
				ENABLE_TESTABILITY = YES;
				ENABLE_USER_SCRIPT_SANDBOXING = YES;
				GCC_C_LANGUAGE_STANDARD = gnu17;
				GCC_DYNAMIC_NO_PIC = NO;
				GCC_NO_COMMON_BLOCKS = YES;
				GCC_OPTIMIZATION_LEVEL = 0;
				GCC_PREPROCESSOR_DEFINITIONS = (
					"DEBUG=1",
					"$(inherited)",
				);
				GCC_WARN_64_TO_32_BIT_CONVERSION = YES;
				GCC_WARN_ABOUT_RETURN_TYPE = YES_ERROR;
				GCC_WARN_UNDECLARED_SELECTOR = YES;
				GCC_WARN_UNINITIALIZED_AUTOS = YES_AGGRESSIVE;
				GCC_WARN_UNUSED_FUNCTION = YES;
				GCC_WARN_UNUSED_VARIABLE = YES;
				IPHONEOS_DEPLOYMENT_TARGET = 17.5;
				LOCALIZATION_PREFERS_STRING_CATALOGS = YES;
				MTL_ENABLE_DEBUG_INFO = INCLUDE_SOURCE;
				MTL_FAST_MATH = YES;
				ONLY_ACTIVE_ARCH = YES;
				SDKROOT = iphoneos;
				SWIFT_ACTIVE_COMPILATION_CONDITIONS = "DEBUG $(inherited)";
				SWIFT_OPTIMIZATION_LEVEL = "-Onone";
			};
			name = Debug;
		};
		A704BB7F2C82663300C0A8EA /* Release */ = {
			isa = XCBuildConfiguration;
			buildSettings = {
				ALWAYS_SEARCH_USER_PATHS = NO;
				ASSETCATALOG_COMPILER_GENERATE_SWIFT_ASSET_SYMBOL_EXTENSIONS = YES;
				CLANG_ANALYZER_NONNULL = YES;
				CLANG_ANALYZER_NUMBER_OBJECT_CONVERSION = YES_AGGRESSIVE;
				CLANG_CXX_LANGUAGE_STANDARD = "gnu++20";
				CLANG_ENABLE_MODULES = YES;
				CLANG_ENABLE_OBJC_ARC = YES;
				CLANG_ENABLE_OBJC_WEAK = YES;
				CLANG_WARN_BLOCK_CAPTURE_AUTORELEASING = YES;
				CLANG_WARN_BOOL_CONVERSION = YES;
				CLANG_WARN_COMMA = YES;
				CLANG_WARN_CONSTANT_CONVERSION = YES;
				CLANG_WARN_DEPRECATED_OBJC_IMPLEMENTATIONS = YES;
				CLANG_WARN_DIRECT_OBJC_ISA_USAGE = YES_ERROR;
				CLANG_WARN_DOCUMENTATION_COMMENTS = YES;
				CLANG_WARN_EMPTY_BODY = YES;
				CLANG_WARN_ENUM_CONVERSION = YES;
				CLANG_WARN_INFINITE_RECURSION = YES;
				CLANG_WARN_INT_CONVERSION = YES;
				CLANG_WARN_NON_LITERAL_NULL_CONVERSION = YES;
				CLANG_WARN_OBJC_IMPLICIT_RETAIN_SELF = YES;
				CLANG_WARN_OBJC_LITERAL_CONVERSION = YES;
				CLANG_WARN_OBJC_ROOT_CLASS = YES_ERROR;
				CLANG_WARN_QUOTED_INCLUDE_IN_FRAMEWORK_HEADER = YES;
				CLANG_WARN_RANGE_LOOP_ANALYSIS = YES;
				CLANG_WARN_STRICT_PROTOTYPES = YES;
				CLANG_WARN_SUSPICIOUS_MOVE = YES;
				CLANG_WARN_UNGUARDED_AVAILABILITY = YES_AGGRESSIVE;
				CLANG_WARN_UNREACHABLE_CODE = YES;
				CLANG_WARN__DUPLICATE_METHOD_MATCH = YES;
				COPY_PHASE_STRIP = NO;
				DEBUG_INFORMATION_FORMAT = "dwarf-with-dsym";
				ENABLE_NS_ASSERTIONS = NO;
				ENABLE_STRICT_OBJC_MSGSEND = YES;
				ENABLE_USER_SCRIPT_SANDBOXING = YES;
				GCC_C_LANGUAGE_STANDARD = gnu17;
				GCC_NO_COMMON_BLOCKS = YES;
				GCC_WARN_64_TO_32_BIT_CONVERSION = YES;
				GCC_WARN_ABOUT_RETURN_TYPE = YES_ERROR;
				GCC_WARN_UNDECLARED_SELECTOR = YES;
				GCC_WARN_UNINITIALIZED_AUTOS = YES_AGGRESSIVE;
				GCC_WARN_UNUSED_FUNCTION = YES;
				GCC_WARN_UNUSED_VARIABLE = YES;
				IPHONEOS_DEPLOYMENT_TARGET = 17.5;
				LOCALIZATION_PREFERS_STRING_CATALOGS = YES;
				MTL_ENABLE_DEBUG_INFO = NO;
				MTL_FAST_MATH = YES;
				SDKROOT = iphoneos;
				SWIFT_COMPILATION_MODE = wholemodule;
				VALIDATE_PRODUCT = YES;
			};
			name = Release;
		};
		A704BB812C82663300C0A8EA /* Debug */ = {
			isa = XCBuildConfiguration;
			buildSettings = {
				ASSETCATALOG_COMPILER_APPICON_NAME = AppIcon;
				ASSETCATALOG_COMPILER_GLOBAL_ACCENT_COLOR_NAME = AccentColor;
				CODE_SIGN_STYLE = Automatic;
				CURRENT_PROJECT_VERSION = 1;
				DEVELOPMENT_ASSET_PATHS = "\"HabitPlus/Preview Content\"";
				DEVELOPMENT_TEAM = XJCQGGA77M;
				ENABLE_PREVIEWS = YES;
				GENERATE_INFOPLIST_FILE = YES;
				INFOPLIST_KEY_UIApplicationSceneManifest_Generation = YES;
				INFOPLIST_KEY_UIApplicationSupportsIndirectInputEvents = YES;
				INFOPLIST_KEY_UILaunchScreen_Generation = YES;
				INFOPLIST_KEY_UISupportedInterfaceOrientations_iPad = "UIInterfaceOrientationPortrait UIInterfaceOrientationPortraitUpsideDown UIInterfaceOrientationLandscapeLeft UIInterfaceOrientationLandscapeRight";
				INFOPLIST_KEY_UISupportedInterfaceOrientations_iPhone = "UIInterfaceOrientationPortrait UIInterfaceOrientationLandscapeLeft UIInterfaceOrientationLandscapeRight";
				IPHONEOS_DEPLOYMENT_TARGET = 14.0;
				LD_RUNPATH_SEARCH_PATHS = (
					"$(inherited)",
					"@executable_path/Frameworks",
				);
				MARKETING_VERSION = 1.0;
				PRODUCT_BUNDLE_IDENTIFIER = jp.com.br.HabitPlus;
				PRODUCT_NAME = "$(TARGET_NAME)";
				SWIFT_EMIT_LOC_STRINGS = YES;
				SWIFT_VERSION = 5.0;
				TARGETED_DEVICE_FAMILY = "1,2";
			};
			name = Debug;
		};
		A704BB822C82663300C0A8EA /* Release */ = {
			isa = XCBuildConfiguration;
			buildSettings = {
				ASSETCATALOG_COMPILER_APPICON_NAME = AppIcon;
				ASSETCATALOG_COMPILER_GLOBAL_ACCENT_COLOR_NAME = AccentColor;
				CODE_SIGN_STYLE = Automatic;
				CURRENT_PROJECT_VERSION = 1;
				DEVELOPMENT_ASSET_PATHS = "\"HabitPlus/Preview Content\"";
				DEVELOPMENT_TEAM = XJCQGGA77M;
				ENABLE_PREVIEWS = YES;
				GENERATE_INFOPLIST_FILE = YES;
				INFOPLIST_KEY_UIApplicationSceneManifest_Generation = YES;
				INFOPLIST_KEY_UIApplicationSupportsIndirectInputEvents = YES;
				INFOPLIST_KEY_UILaunchScreen_Generation = YES;
				INFOPLIST_KEY_UISupportedInterfaceOrientations_iPad = "UIInterfaceOrientationPortrait UIInterfaceOrientationPortraitUpsideDown UIInterfaceOrientationLandscapeLeft UIInterfaceOrientationLandscapeRight";
				INFOPLIST_KEY_UISupportedInterfaceOrientations_iPhone = "UIInterfaceOrientationPortrait UIInterfaceOrientationLandscapeLeft UIInterfaceOrientationLandscapeRight";
				IPHONEOS_DEPLOYMENT_TARGET = 14.0;
				LD_RUNPATH_SEARCH_PATHS = (
					"$(inherited)",
					"@executable_path/Frameworks",
				);
				MARKETING_VERSION = 1.0;
				PRODUCT_BUNDLE_IDENTIFIER = jp.com.br.HabitPlus;
				PRODUCT_NAME = "$(TARGET_NAME)";
				SWIFT_EMIT_LOC_STRINGS = YES;
				SWIFT_VERSION = 5.0;
				TARGETED_DEVICE_FAMILY = "1,2";
			};
			name = Release;
		};
		A704BB842C82663300C0A8EA /* Debug */ = {
			isa = XCBuildConfiguration;
			buildSettings = {
				ALWAYS_EMBED_SWIFT_STANDARD_LIBRARIES = YES;
				BUNDLE_LOADER = "$(TEST_HOST)";
				CODE_SIGN_STYLE = Automatic;
				CURRENT_PROJECT_VERSION = 1;
				DEVELOPMENT_TEAM = XJCQGGA77M;
				GENERATE_INFOPLIST_FILE = YES;
				IPHONEOS_DEPLOYMENT_TARGET = 17.5;
				MARKETING_VERSION = 1.0;
				PRODUCT_BUNDLE_IDENTIFIER = jp.com.br.HabitPlusTests;
				PRODUCT_NAME = "$(TARGET_NAME)";
				SWIFT_EMIT_LOC_STRINGS = NO;
				SWIFT_VERSION = 5.0;
				TARGETED_DEVICE_FAMILY = "1,2";
				TEST_HOST = "$(BUILT_PRODUCTS_DIR)/HabitPlus.app/$(BUNDLE_EXECUTABLE_FOLDER_PATH)/HabitPlus";
			};
			name = Debug;
		};
		A704BB852C82663300C0A8EA /* Release */ = {
			isa = XCBuildConfiguration;
			buildSettings = {
				ALWAYS_EMBED_SWIFT_STANDARD_LIBRARIES = YES;
				BUNDLE_LOADER = "$(TEST_HOST)";
				CODE_SIGN_STYLE = Automatic;
				CURRENT_PROJECT_VERSION = 1;
				DEVELOPMENT_TEAM = XJCQGGA77M;
				GENERATE_INFOPLIST_FILE = YES;
				IPHONEOS_DEPLOYMENT_TARGET = 17.5;
				MARKETING_VERSION = 1.0;
				PRODUCT_BUNDLE_IDENTIFIER = jp.com.br.HabitPlusTests;
				PRODUCT_NAME = "$(TARGET_NAME)";
				SWIFT_EMIT_LOC_STRINGS = NO;
				SWIFT_VERSION = 5.0;
				TARGETED_DEVICE_FAMILY = "1,2";
				TEST_HOST = "$(BUILT_PRODUCTS_DIR)/HabitPlus.app/$(BUNDLE_EXECUTABLE_FOLDER_PATH)/HabitPlus";
			};
			name = Release;
		};
		A704BB872C82663300C0A8EA /* Debug */ = {
			isa = XCBuildConfiguration;
			buildSettings = {
				ALWAYS_EMBED_SWIFT_STANDARD_LIBRARIES = YES;
				CODE_SIGN_STYLE = Automatic;
				CURRENT_PROJECT_VERSION = 1;
				DEVELOPMENT_TEAM = XJCQGGA77M;
				GENERATE_INFOPLIST_FILE = YES;
				MARKETING_VERSION = 1.0;
				PRODUCT_BUNDLE_IDENTIFIER = jp.com.br.HabitPlusUITests;
				PRODUCT_NAME = "$(TARGET_NAME)";
				SWIFT_EMIT_LOC_STRINGS = NO;
				SWIFT_VERSION = 5.0;
				TARGETED_DEVICE_FAMILY = "1,2";
				TEST_TARGET_NAME = HabitPlus;
			};
			name = Debug;
		};
		A704BB882C82663300C0A8EA /* Release */ = {
			isa = XCBuildConfiguration;
			buildSettings = {
				ALWAYS_EMBED_SWIFT_STANDARD_LIBRARIES = YES;
				CODE_SIGN_STYLE = Automatic;
				CURRENT_PROJECT_VERSION = 1;
				DEVELOPMENT_TEAM = XJCQGGA77M;
				GENERATE_INFOPLIST_FILE = YES;
				MARKETING_VERSION = 1.0;
				PRODUCT_BUNDLE_IDENTIFIER = jp.com.br.HabitPlusUITests;
				PRODUCT_NAME = "$(TARGET_NAME)";
				SWIFT_EMIT_LOC_STRINGS = NO;
				SWIFT_VERSION = 5.0;
				TARGETED_DEVICE_FAMILY = "1,2";
				TEST_TARGET_NAME = HabitPlus;
			};
			name = Release;
		};
/* End XCBuildConfiguration section */

/* Begin XCConfigurationList section */
		A704BB572C82663100C0A8EA /* Build configuration list for PBXProject "HabitPlus" */ = {
			isa = XCConfigurationList;
			buildConfigurations = (
				A704BB7E2C82663300C0A8EA /* Debug */,
				A704BB7F2C82663300C0A8EA /* Release */,
			);
			defaultConfigurationIsVisible = 0;
			defaultConfigurationName = Release;
		};
		A704BB802C82663300C0A8EA /* Build configuration list for PBXNativeTarget "HabitPlus" */ = {
			isa = XCConfigurationList;
			buildConfigurations = (
				A704BB812C82663300C0A8EA /* Debug */,
				A704BB822C82663300C0A8EA /* Release */,
			);
			defaultConfigurationIsVisible = 0;
			defaultConfigurationName = Release;
		};
		A704BB832C82663300C0A8EA /* Build configuration list for PBXNativeTarget "HabitPlusTests" */ = {
			isa = XCConfigurationList;
			buildConfigurations = (
				A704BB842C82663300C0A8EA /* Debug */,
				A704BB852C82663300C0A8EA /* Release */,
			);
			defaultConfigurationIsVisible = 0;
			defaultConfigurationName = Release;
		};
		A704BB862C82663300C0A8EA /* Build configuration list for PBXNativeTarget "HabitPlusUITests" */ = {
			isa = XCConfigurationList;
			buildConfigurations = (
				A704BB872C82663300C0A8EA /* Debug */,
				A704BB882C82663300C0A8EA /* Release */,
			);
			defaultConfigurationIsVisible = 0;
			defaultConfigurationName = Release;
		};
/* End XCConfigurationList section */
	};
	rootObject = A704BB542C82663100C0A8EA /* Project object */;
}
